
Microsoft Visual Studio Solution File, Format Version 12.00
# Visual Studio Version 17
VisualStudioVersion = 17.9.34407.89
MinimumVisualStudioVersion = 10.0.40219.1
Project("{FAE04EC0-301F-11D3-BF4B-00C04F79EFBC}") = "EducationalPlatform", "EducationalPlatform\EducationalPlatform.csproj", "{AD425E16-F7C3-48CD-9147-E167BEA60396}"
EndProject
Global
	GlobalSection(SolutionConfigurationPlatforms) = preSolution
		Debug|Any CPU = Debug|Any CPU
		Release|Any CPU = Release|Any CPU
	EndGlobalSection
	GlobalSection(ProjectConfigurationPlatforms) = postSolution
		{AD425E16-F7C3-48CD-9147-E167BEA60396}.Debug|Any CPU.ActiveCfg = Debug|Any CPU
		{AD425E16-F7C3-48CD-9147-E167BEA60396}.Debug|Any CPU.Build.0 = Debug|Any CPU
		{AD425E16-F7C3-48CD-9147-E167BEA60396}.Release|Any CPU.ActiveCfg = Release|Any CPU
		{AD425E16-F7C3-48CD-9147-E167BEA60396}.Release|Any CPU.Build.0 = Release|Any CPU
	EndGlobalSection
	GlobalSection(SolutionProperties) = preSolution
		HideSolutionNode = FALSE
	EndGlobalSection
	GlobalSection(ExtensibilityGlobals) = postSolution
		SolutionGuid = {3CB5C375-1291-4966-8889-8BA5FB2B6883}
	EndGlobalSection
EndGlobal
